github.com/google/go-cmp v0.7.0 h1:wk8382ETsv4JYUZwIsn6YpYiWiBsYLSJiTsyBybVuN8=
github.com/google/go-cmp v0.7.0/go.mod h1:pXiqmnSA92OHEEa9HXL2W4E7lf9JzCmGVUdgjX3N/iU=
github.com/google/jsonschema-go v0.4.3 h1:/DBOLZTfDow7pe2GmaJNhltueGTtDKICi8V8p+DQPd0=
github.com/google/jsonschema-go v0.4.3/go.mod h1:r5quNTdLOYEz95Ru18zA0ydNbBuYoo9tgaYcxEYhJVE=
github.com/ronhuafeng/codexsdk-go v0.1.0 h1:Yttc2nnv9NqFRc69KkUinjRFhD6cvulr5lzcU8Gcuwo=
github.com/ronhuafeng/codexsdk-go v0.1.0/go.mod h1:HiIbSu45LR3UD2TKxgoMqVj1I6KAN+f9C+PLc/KaUSU=
github.com/ronhuafeng/llmkit-go v0.1.0 h1:WnTBNOtOFL5+op4J1MhyXGvziGx4kPy/dsWg6mbMUFU=
github.com/ronhuafeng/llmkit-go v0.1.0/go.mod h1:O/NulGJOAH5xGj56J2+oYtwe0kUhbRRI+1p7J3bShdU=
